// !$*UTF8*$!
{
	archiveVersion = 1;
	classes = {
	};
	objectVersion = 50;
	objects = {

/* Begin PBXBuildFile section */
		189CAEB8287586FE00FCD737 /* AppDelegate.swift in Sources */ = {isa = PBXBuildFile; fileRef = 189CAEB7287586FE00FCD737 /* AppDelegate.swift */; };
		189CAEBA287586FE00FCD737 /* SceneDelegate.swift in Sources */ = {isa = PBXBuildFile; fileRef = 189CAEB9287586FE00FCD737 /* SceneDelegate.swift */; };
		189CAEBC287586FE00FCD737 /* ViewController.swift in Sources */ = {isa = PBXBuildFile; fileRef = 189CAEBB287586FE00FCD737 /* ViewController.swift */; };
		189CAEBF287586FE00FCD737 /* Main.storyboard in Resources */ = {isa = PBXBuildFile; fileRef = 189CAEBD287586FE00FCD737 /* Main.storyboard */; };
		189CAEC12875871000FCD737 /* Assets.xcassets in Resources */ = {isa = PBXBuildFile; fileRef = 189CAEC02875871000FCD737 /* Assets.xcassets */; };
		189CAEC42875871000FCD737 /* LaunchScreen.storyboard in Resources */ = {isa = PBXBuildFile; fileRef = 189CAEC22875871000FCD737 /* LaunchScreen.storyboard */; };
		189CAECF2875871000FCD737 /* IndiaTodayTests.swift in Sources */ = {isa = PBXBuildFile; fileRef = 189CAECE2875871000FCD737 /* IndiaTodayTests.swift */; };
		189CAEDA2875871000FCD737 /* IndiaTodayUITests.swift in Sources */ = {isa = PBXBuildFile; fileRef = 189CAED92875871000FCD737 /* IndiaTodayUITests.swift */; };
/* End PBXBuildFile section */

/* Begin PBXContainerItemProxy section */
		189CAECB2875871000FCD737 /* PBXContainerItemProxy */ = {
			isa = PBXContainerItemProxy;
			containerPortal = 189CAEAC287586FE00FCD737 /* Project object */;
			proxyType = 1;
			remoteGlobalIDString = 189CAEB3287586FE00FCD737;
			remoteInfo = IndiaToday;
		};
		189CAED62875871000FCD737 /* PBXContainerItemProxy */ = {
			isa = PBXContainerItemProxy;
			containerPortal = 189CAEAC287586FE00FCD737 /* Project object */;
			proxyType = 1;
			remoteGlobalIDString = 189CAEB3287586FE00FCD737;
			remoteInfo = IndiaToday;
		};
/* End PBXContainerItemProxy section */

/* Begin PBXFileReference section */
		189CAEB4287586FE00FCD737 /* IndiaToday.app */ = {isa = PBXFileReference; explicitFileType = wrapper.application; includeInIndex = 0; path = IndiaToday.app; sourceTree = BUILT_PRODUCTS_DIR; };
		189CAEB7287586FE00FCD737 /* AppDelegate.swift */ = {isa = PBXFileReference; lastKnownFileType = sourcecode.swift; path = AppDelegate.swift; sourceTree = "<group>"; };
		189CAEB9287586FE00FCD737 /* SceneDelegate.swift */ = {isa = PBXFileReference; lastKnownFileType = sourcecode.swift; path = SceneDelegate.swift; sourceTree = "<group>"; };
		189CAEBB287586FE00FCD737 /* ViewController.swift */ = {isa = PBXFileReference; lastKnownFileType = sourcecode.swift; path = ViewController.swift; sourceTree = "<group>"; };
		189CAEBE287586FE00FCD737 /* Base */ = {isa = PBXFileReference; lastKnownFileType = file.storyboard; name = Base; path = Base.lproj/Main.storyboard; sourceTree = "<group>"; };
		189CAEC02875871000FCD737 /* Assets.xcassets */ = {isa = PBXFileReference; lastKnownFileType = folder.assetcatalog; path = Assets.xcassets; sourceTree = "<group>"; };
		189CAEC32875871000FCD737 /* Base */ = {isa = PBXFileReference; lastKnownFileType = file.storyboard; name = Base; path = Base.lproj/LaunchScreen.storyboard; sourceTree = "<group>"; };
		189CAEC52875871000FCD737 /* Info.plist */ = {isa = PBXFileReference; lastKnownFileType = text.plist.xml; path = Info.plist; sourceTree = "<group>"; };
		189CAECA2875871000FCD737 /* IndiaTodayTests.xctest */ = {isa = PBXFileReference; explicitFileType = wrapper.cfbundle; includeInIndex = 0; path = IndiaTodayTests.xctest; sourceTree = BUILT_PRODUCTS_DIR; };
		189CAECE2875871000FCD737 /* IndiaTodayTests.swift */ = {isa = PBXFileReference; lastKnownFileType = sourcecode.swift; path = IndiaTodayTests.swift; sourceTree = "<group>"; };
		189CAED02875871000FCD737 /* Info.plist */ = {isa = PBXFileReference; lastKnownFileType = text.plist.xml; path = Info.plist; sourceTree = "<group>"; };
		189CAED52875871000FCD737 /* IndiaTodayUITests.xctest */ = {isa = PBXFileReference; explicitFileType = wrapper.cfbundle; includeInIndex = 0; path = IndiaTodayUITests.xctest; sourceTree = BUILT_PRODUCTS_DIR; };
		189CAED92875871000FCD737 /* IndiaTodayUITests.swift */ = {isa = PBXFileReference; lastKnownFileType = sourcecode.swift; path = IndiaTodayUITests.swift; sourceTree = "<group>"; };
		189CAEDB2875871000FCD737 /* Info.plist */ = {isa = PBXFileReference; lastKnownFileType = text.plist.xml; path = Info.plist; sourceTree = "<group>"; };
/* End PBXFileReference section */

/* Begin PBXFrameworksBuildPhase section */
		189CAEB1287586FE00FCD737 /* Frameworks */ = {
			isa = PBXFrameworksBuildPhase;
			buildActionMask = 2147483647;
			files = (
			);
			runOnlyForDeploymentPostprocessing = 0;
		};
		189CAEC72875871000FCD737 /* Frameworks */ = {
			isa = PBXFrameworksBuildPhase;
			buildActionMask = 2147483647;
			files = (
			);
			runOnlyForDeploymentPostprocessing = 0;
		};
		189CAED22875871000FCD737 /* Frameworks */ = {
			isa = PBXFrameworksBuildPhase;
			buildActionMask = 2147483647;
			files = (
			);
			runOnlyForDeploymentPostprocessing = 0;
		};
/* End PBXFrameworksBuildPhase section */

/* Begin PBXGroup section */
		189CAEAB287586FE00FCD737 = {
			isa = PBXGroup;
			children = (
				189CAEB6287586FE00FCD737 /* IndiaToday */,
				189CAECD2875871000FCD737 /* IndiaTodayTests */,
				189CAED82875871000FCD737 /* IndiaTodayUITests */,
				189CAEB5287586FE00FCD737 /* Products */,
			);
			sourceTree = "<group>";
		};
		189CAEB5287586FE00FCD737 /* Products */ = {
			isa = PBXGroup;
			children = (
				189CAEB4287586FE00FCD737 /* IndiaToday.app */,
				189CAECA2875871000FCD737 /* IndiaTodayTests.xctest */,
				189CAED52875871000FCD737 /* IndiaTodayUITests.xctest */,
			);
			name = Products;
			sourceTree = "<group>";
		};
		189CAEB6287586FE00FCD737 /* IndiaToday */ = {
			isa = PBXGroup;
			children = (
				189CAEB7287586FE00FCD737 /* AppDelegate.swift */,
				189CAEB9287586FE00FCD737 /* SceneDelegate.swift */,
				189CAEBB287586FE00FCD737 /* ViewController.swift */,
				189CAEBD287586FE00FCD737 /* Main.storyboard */,
				189CAEC02875871000FCD737 /* Assets.xcassets */,
				189CAEC22875871000FCD737 /* LaunchScreen.storyboard */,
				189CAEC52875871000FCD737 /* Info.plist */,
			);
			path = IndiaToday;
			sourceTree = "<group>";
		};
		189CAECD2875871000FCD737 /* IndiaTodayTests */ = {
			isa = PBXGroup;
			children = (
				189CAECE2875871000FCD737 /* IndiaTodayTests.swift */,
				189CAED02875871000FCD737 /* Info.plist */,
			);
			path = IndiaTodayTests;
			sourceTree = "<group>";
		};
		189CAED82875871000FCD737 /* IndiaTodayUITests */ = {
			isa = PBXGroup;
			children = (
				189CAED92875871000FCD737 /* IndiaTodayUITests.swift */,
				189CAEDB2875871000FCD737 /* Info.plist */,
			);
			path = IndiaTodayUITests;
			sourceTree = "<group>";
		};
/* End PBXGroup section */

/* Begin PBXNativeTarget section */
		189CAEB3287586FE00FCD737 /* IndiaToday */ = {
			isa = PBXNativeTarget;
			buildConfigurationList = 189CAEDE2875871000FCD737 /* Build configuration list for PBXNativeTarget "IndiaToday" */;
			buildPhases = (
				189CAEB0287586FE00FCD737 /* Sources */,
				189CAEB1287586FE00FCD737 /* Frameworks */,
				189CAEB2287586FE00FCD737 /* Resources */,
			);
			buildRules = (
			);
			dependencies = (
			);
			name = IndiaToday;
			productName = IndiaToday;
			productReference = 189CAEB4287586FE00FCD737 /* IndiaToday.app */;
			productType = "com.apple.product-type.application";
		};
		189CAEC92875871000FCD737 /* IndiaTodayTests */ = {
			isa = PBXNativeTarget;
			buildConfigurationList = 189CAEE12875871000FCD737 /* Build configuration list for PBXNativeTarget "IndiaTodayTests" */;
			buildPhases = (
				189CAEC62875871000FCD737 /* Sources */,
				189CAEC72875871000FCD737 /* Frameworks */,
				189CAEC82875871000FCD737 /* Resources */,
			);
			buildRules = (
			);
			dependencies = (
				189CAECC2875871000FCD737 /* PBXTargetDependency */,
			);
			name = IndiaTodayTests;
			productName = IndiaTodayTests;
			productReference = 189CAECA2875871000FCD737 /* IndiaTodayTests.xctest */;
			productType = "com.apple.product-type.bundle.unit-test";
		};
		189CAED42875871000FCD737 /* IndiaTodayUITests */ = {
			isa = PBXNativeTarget;
			buildConfigurationList = 189CAEE42875871000FCD737 /* Build configuration list for PBXNativeTarget "IndiaTodayUITests" */;
			buildPhases = (
				189CAED12875871000FCD737 /* Sources */,
				189CAED22875871000FCD737 /* Frameworks */,
				189CAED32875871000FCD737 /* Resources */,
			);
			buildRules = (
			);
			dependencies = (
				189CAED72875871000FCD737 /* PBXTargetDependency */,
			);
			name = IndiaTodayUITests;
			productName = IndiaTodayUITests;
			productReference = 189CAED52875871000FCD737 /* IndiaTodayUITests.xctest */;
			productType = "com.apple.product-type.bundle.ui-testing";
		};
/* End PBXNativeTarget section */

/* Begin PBXProject section */
		189CAEAC287586FE00FCD737 /* Project object */ = {
			isa = PBXProject;
			attributes = {
				LastSwiftUpdateCheck = 1240;
				LastUpgradeCheck = 1240;
				TargetAttributes = {
					189CAEB3287586FE00FCD737 = {
						CreatedOnToolsVersion = 12.4;
					};
					189CAEC92875871000FCD737 = {
						CreatedOnToolsVersion = 12.4;
						TestTargetID = 189CAEB3287586FE00FCD737;
					};
					189CAED42875871000FCD737 = {
						CreatedOnToolsVersion = 12.4;
						TestTargetID = 189CAEB3287586FE00FCD737;
					};
				};
			};
			buildConfigurationList = 189CAEAF287586FE00FCD737 /* Build configuration list for PBXProject "IndiaToday" */;
			compatibilityVersion = "Xcode 9.3";
			developmentRegion = en;
			hasScannedForEncodings = 0;
			knownRegions = (
				en,
				Base,
			);
			mainGroup = 189CAEAB287586FE00FCD737;
			productRefGroup = 189CAEB5287586FE00FCD737 /* Products */;
			projectDirPath = "";
			projectRoot = "";
			targets = (
				189CAEB3287586FE00FCD737 /* IndiaToday */,
				189CAEC92875871000FCD737 /* IndiaTodayTests */,
				189CAED42875871000FCD737 /* IndiaTodayUITests */,
			);
		};
/* End PBXProject section */

/* Begin PBXResourcesBuildPhase section */
		189CAEB2287586FE00FCD737 /* Resources */ = {
			isa = PBXResourcesBuildPhase;
			buildActionMask = 2147483647;
			files = (
				189CAEC42875871000FCD737 /* LaunchScreen.storyboard in Resources */,
				189CAEC12875871000FCD737 /* Assets.xcassets in Resources */,
				189CAEBF287586FE00FCD737 /* Main.storyboard in Resources */,
			);
			runOnlyForDeploymentPostprocessing = 0;
		};
		189CAEC82875871000FCD737 /* Resources */ = {
			isa = PBXResourcesBuildPhase;
			buildActionMask = 2147483647;
			files = (
			);
			runOnlyForDeploymentPostprocessing = 0;
		};
		189CAED32875871000FCD737 /* Resources */ = {
			isa = PBXResourcesBuildPhase;
			buildActionMask = 2147483647;
			files = (
			);
			runOnlyForDeploymentPostprocessing = 0;
		};
/* End PBXResourcesBuildPhase section */

/* Begin PBXSourcesBuildPhase section */
		189CAEB0287586FE00FCD737 /* Sources */ = {
			isa = PBXSourcesBuildPhase;
			buildActionMask = 2147483647;
			files = (
				189CAEBC287586FE00FCD737 /* ViewController.swift in Sources */,
				189CAEB8287586FE00FCD737 /* AppDelegate.swift in Sources */,
				189CAEBA287586FE00FCD737 /* SceneDelegate.swift in Sources */,
			);
			runOnlyForDeploymentPostprocessing = 0;
		};
		189CAEC62875871000FCD737 /* Sources */ = {
			isa = PBXSourcesBuildPhase;
			buildActionMask = 2147483647;
			files = (
				189CAECF2875871000FCD737 /* IndiaTodayTests.swift in Sources */,
			);
			runOnlyForDeploymentPostprocessing = 0;
		};
		189CAED12875871000FCD737 /* Sources */ = {
			isa = PBXSourcesBuildPhase;
			buildActionMask = 2147483647;
			files = (
				189CAEDA2875871000FCD737 /* IndiaTodayUITests.swift in Sources */,
			);
			runOnlyForDeploymentPostprocessing = 0;
		};
/* End PBXSourcesBuildPhase section */

/* Begin PBXTargetDependency section */
		189CAECC2875871000FCD737 /* PBXTargetDependency */ = {
			isa = PBXTargetDependency;
			target = 189CAEB3287586FE00FCD737 /* IndiaToday */;
			targetProxy = 189CAECB2875871000FCD737 /* PBXContainerItemProxy */;
		};
		189CAED72875871000FCD737 /* PBXTargetDependency */ = {
			isa = PBXTargetDependency;
			target = 189CAEB3287586FE00FCD737 /* IndiaToday */;
			targetProxy = 189CAED62875871000FCD737 /* PBXContainerItemProxy */;
		};
/* End PBXTargetDependency section */

/* Begin PBXVariantGroup section */
		189CAEBD287586FE00FCD737 /* Main.storyboard */ = {
			isa = PBXVariantGroup;
			children = (
				189CAEBE287586FE00FCD737 /* Base */,
			);
			name = Main.storyboard;
			sourceTree = "<group>";
		};
		189CAEC22875871000FCD737 /* LaunchScreen.storyboard */ = {
			isa = PBXVariantGroup;
			children = (
				189CAEC32875871000FCD737 /* Base */,
			);
			name = LaunchScreen.storyboard;
			sourceTree = "<group>";
		};
/* End PBXVariantGroup section */

/* Begin XCBuildConfiguration section */
		189CAEDC2875871000FCD737 /* Debug */ = {
			isa = XCBuildConfiguration;
			buildSettings = {
				ALWAYS_SEARCH_USER_PATHS = NO;
				CLANG_ANALYZER_NONNULL = YES;
				CLANG_ANALYZER_NUMBER_OBJECT_CONVERSION = YES_AGGRESSIVE;
				CLANG_CXX_LANGUAGE_STANDARD = "gnu++14";
				CLANG_CXX_LIBRARY = "libc++";
				CLANG_ENABLE_MODULES = YES;
				CLANG_ENABLE_OBJC_ARC = YES;
				CLANG_ENABLE_OBJC_WEAK = YES;
				CLANG_WARN_BLOCK_CAPTURE_AUTORELEASING = YES;
				CLANG_WARN_BOOL_CONVERSION = YES;
				CLANG_WARN_COMMA = YES;
				CLANG_WARN_CONSTANT_CONVERSION = YES;
				CLANG_WARN_DEPRECATED_OBJC_IMPLEMENTATIONS = YES;
				CLANG_WARN_DIRECT_OBJC_ISA_USAGE = YES_ERROR;
				CLANG_WARN_DOCUMENTATION_COMMENTS = YES;
				CLANG_WARN_EMPTY_BODY = YES;
				CLANG_WARN_ENUM_CONVERSION = YES;
				CLANG_WARN_INFINITE_RECURSION = YES;
				CLANG_WARN_INT_CONVERSION = YES;
				CLANG_WARN_NON_LITERAL_NULL_CONVERSION = YES;
				CLANG_WARN_OBJC_IMPLICIT_RETAIN_SELF = YES;
				CLANG_WARN_OBJC_LITERAL_CONVERSION = YES;
				CLANG_WARN_OBJC_ROOT_CLASS = YES_ERROR;
				CLANG_WARN_QUOTED_INCLUDE_IN_FRAMEWORK_HEADER = YES;
				CLANG_WARN_RANGE_LOOP_ANALYSIS = YES;
				CLANG_WARN_STRICT_PROTOTYPES = YES;
				CLANG_WARN_SUSPICIOUS_MOVE = YES;
				CLANG_WARN_UNGUARDED_AVAILABILITY = YES_AGGRESSIVE;
				CLANG_WARN_UNREACHABLE_CODE = YES;
				CLANG_WARN__DUPLICATE_METHOD_MATCH = YES;
				COPY_PHASE_STRIP = NO;
				DEBUG_INFORMATION_FORMAT = dwarf;
				ENABLE_STRICT_OBJC_MSGSEND = YES;
				ENABLE_TESTABILITY = YES;
				GCC_C_LANGUAGE_STANDARD = gnu11;
				GCC_DYNAMIC_NO_PIC = NO;
				GCC_NO_COMMON_BLOCKS = YES;
				GCC_OPTIMIZATION_LEVEL = 0;
				GCC_PREPROCESSOR_DEFINITIONS = (
					"DEBUG=1",
					"$(inherited)",
				);
				GCC_WARN_64_TO_32_BIT_CONVERSION = YES;
				GCC_WARN_ABOUT_RETURN_TYPE = YES_ERROR;
				GCC_WARN_UNDECLARED_SELECTOR = YES;
				GCC_WARN_UNINITIALIZED_AUTOS = YES_AGGRESSIVE;
				GCC_WARN_UNUSED_FUNCTION = YES;
				GCC_WARN_UNUSED_VARIABLE = YES;
				IPHONEOS_DEPLOYMENT_TARGET = 14.4;
				MTL_ENABLE_DEBUG_INFO = INCLUDE_SOURCE;
				MTL_FAST_MATH = YES;
				ONLY_ACTIVE_ARCH = YES;
				SDKROOT = iphoneos;
				SWIFT_ACTIVE_COMPILATION_CONDITIONS = DEBUG;
				SWIFT_OPTIMIZATION_LEVEL = "-Onone";
			};
			name = Debug;
		};
		189CAEDD2875871000FCD737 /* Release */ = {
			isa = XCBuildConfiguration;
			buildSettings = {
				ALWAYS_SEARCH_USER_PATHS = NO;
				CLANG_ANALYZER_NONNULL = YES;
				CLANG_ANALYZER_NUMBER_OBJECT_CONVERSION = YES_AGGRESSIVE;
				CLANG_CXX_LANGUAGE_STANDARD = "gnu++14";
				CLANG_CXX_LIBRARY = "libc++";
				CLANG_ENABLE_MODULES = YES;
				CLANG_ENABLE_OBJC_ARC = YES;
				CLANG_ENABLE_OBJC_WEAK = YES;
				CLANG_WARN_BLOCK_CAPTURE_AUTORELEASING = YES;
				CLANG_WARN_BOOL_CONVERSION = YES;
				CLANG_WARN_COMMA = YES;
				CLANG_WARN_CONSTANT_CONVERSION = YES;
				CLANG_WARN_DEPRECATED_OBJC_IMPLEMENTATIONS = YES;
				CLANG_WARN_DIRECT_OBJC_ISA_USAGE = YES_ERROR;
				CLANG_WARN_DOCUMENTATION_COMMENTS = YES;
				CLANG_WARN_EMPTY_BODY = YES;
				CLANG_WARN_ENUM_CONVERSION = YES;
				CLANG_WARN_INFINITE_RECURSION = YES;
				CLANG_WARN_INT_CONVERSION = YES;
				CLANG_WARN_NON_LITERAL_NULL_CONVERSION = YES;
				CLANG_WARN_OBJC_IMPLICIT_RETAIN_SELF = YES;
				CLANG_WARN_OBJC_LITERAL_CONVERSION = YES;
				CLANG_WARN_OBJC_ROOT_CLASS = YES_ERROR;
				CLANG_WARN_QUOTED_INCLUDE_IN_FRAMEWORK_HEADER = YES;
				CLANG_WARN_RANGE_LOOP_ANALYSIS = YES;
				CLANG_WARN_STRICT_PROTOTYPES = YES;
				CLANG_WARN_SUSPICIOUS_MOVE = YES;
				CLANG_WARN_UNGUARDED_AVAILABILITY = YES_AGGRESSIVE;
				CLANG_WARN_UNREACHABLE_CODE = YES;
				CLANG_WARN__DUPLICATE_METHOD_MATCH = YES;
				COPY_PHASE_STRIP = NO;
				DEBUG_INFORMATION_FORMAT = "dwarf-with-dsym";
				ENABLE_NS_ASSERTIONS = NO;
				ENABLE_STRICT_OBJC_MSGSEND = YES;
				GCC_C_LANGUAGE_STANDARD = gnu11;
				GCC_NO_COMMON_BLOCKS = YES;
				GCC_WARN_64_TO_32_BIT_CONVERSION = YES;
				GCC_WARN_ABOUT_RETURN_TYPE = YES_ERROR;
				GCC_WARN_UNDECLARED_SELECTOR = YES;
				GCC_WARN_UNINITIALIZED_AUTOS = YES_AGGRESSIVE;
				GCC_WARN_UNUSED_FUNCTION = YES;
				GCC_WARN_UNUSED_VARIABLE = YES;
				IPHONEOS_DEPLOYMENT_TARGET = 14.4;
				MTL_ENABLE_DEBUG_INFO = NO;
				MTL_FAST_MATH = YES;
				SDKROOT = iphoneos;
				SWIFT_COMPILATION_MODE = wholemodule;
				SWIFT_OPTIMIZATION_LEVEL = "-O";
				VALIDATE_PRODUCT = YES;
			};
			name = Release;
		};
		189CAEDF2875871000FCD737 /* Debug */ = {
			isa = XCBuildConfiguration;
			buildSettings = {
				ASSETCATALOG_COMPILER_APPICON_NAME = AppIcon;
				ASSETCATALOG_COMPILER_GLOBAL_ACCENT_COLOR_NAME = AccentColor;
				CODE_SIGN_STYLE = Automatic;
				DEVELOPMENT_TEAM = 38M8YX2KF6;
				INFOPLIST_FILE = IndiaToday/Info.plist;
				LD_RUNPATH_SEARCH_PATHS = (
					"$(inherited)",
					"@executable_path/Frameworks",
				);
				PRODUCT_BUNDLE_IDENTIFIER = com.newProject.IndiaToday;
				PRODUCT_NAME = "$(TARGET_NAME)";
				SWIFT_VERSION = 5.0;
				TARGETED_DEVICE_FAMILY = "1,2";
			};
			name = Debug;
		};
		189CAEE02875871000FCD737 /* Release */ = {
			isa = XCBuildConfiguration;
			buildSettings = {
				ASSETCATALOG_COMPILER_APPICON_NAME = AppIcon;
				ASSETCATALOG_COMPILER_GLOBAL_ACCENT_COLOR_NAME = AccentColor;
				CODE_SIGN_STYLE = Automatic;
				DEVELOPMENT_TEAM = 38M8YX2KF6;
				INFOPLIST_FILE = IndiaToday/Info.plist;
				LD_RUNPATH_SEARCH_PATHS = (
					"$(inherited)",
					"@executable_path/Frameworks",
				);
				PRODUCT_BUNDLE_IDENTIFIER = com.newProject.IndiaToday;
				PRODUCT_NAME = "$(TARGET_NAME)";
				SWIFT_VERSION = 5.0;
				TARGETED_DEVICE_FAMILY = "1,2";
			};
			name = Release;
		};
		189CAEE22875871000FCD737 /* Debug */ = {
			isa = XCBuildConfiguration;
			buildSettings = {
				ALWAYS_EMBED_SWIFT_STANDARD_LIBRARIES = YES;
				BUNDLE_LOADER = "$(TEST_HOST)";
				CODE_SIGN_STYLE = Automatic;
				DEVELOPMENT_TEAM = 38M8YX2KF6;
				INFOPLIST_FILE = IndiaTodayTests/Info.plist;
				IPHONEOS_DEPLOYMENT_TARGET = 14.4;
				LD_RUNPATH_SEARCH_PATHS = (
					"$(inherited)",
					"@executable_path/Frameworks",
					"@loader_path/Frameworks",
				);
				PRODUCT_BUNDLE_IDENTIFIER = com.newProject.IndiaTodayTests;
				PRODUCT_NAME = "$(TARGET_NAME)";
				SWIFT_VERSION = 5.0;
				TARGETED_DEVICE_FAMILY = "1,2";
				TEST_HOST = "$(BUILT_PRODUCTS_DIR)/IndiaToday.app/IndiaToday";
			};
			name = Debug;
		};
		189CAEE32875871000FCD737 /* Release */ = {
			isa = XCBuildConfiguration;
			buildSettings = {
				ALWAYS_EMBED_SWIFT_STANDARD_LIBRARIES = YES;
				BUNDLE_LOADER = "$(TEST_HOST)";
				CODE_SIGN_STYLE = Automatic;
				DEVELOPMENT_TEAM = 38M8YX2KF6;
				INFOPLIST_FILE = IndiaTodayTests/Info.plist;
				IPHONEOS_DEPLOYMENT_TARGET = 14.4;
				LD_RUNPATH_SEARCH_PATHS = (
					"$(inherited)",
					"@executable_path/Frameworks",
					"@loader_path/Frameworks",
				);
				PRODUCT_BUNDLE_IDENTIFIER = com.newProject.IndiaTodayTests;
				PRODUCT_NAME = "$(TARGET_NAME)";
				SWIFT_VERSION = 5.0;
				TARGETED_DEVICE_FAMILY = "1,2";
				TEST_HOST = "$(BUILT_PRODUCTS_DIR)/IndiaToday.app/IndiaToday";
			};
			name = Release;
		};
		189CAEE52875871000FCD737 /* Debug */ = {
			isa = XCBuildConfiguration;
			buildSettings = {
				ALWAYS_EMBED_SWIFT_STANDARD_LIBRARIES = YES;
				CODE_SIGN_STYLE = Automatic;
				DEVELOPMENT_TEAM = 38M8YX2KF6;
				INFOPLIST_FILE = IndiaTodayUITests/Info.plist;
				LD_RUNPATH_SEARCH_PATHS = (
					"$(inherited)",
					"@executable_path/Frameworks",
					"@loader_path/Frameworks",
				);
				PRODUCT_BUNDLE_IDENTIFIER = com.newProject.IndiaTodayUITests;
				PRODUCT_NAME = "$(TARGET_NAME)";
				SWIFT_VERSION = 5.0;
				TARGETED_DEVICE_FAMILY = "1,2";
				TEST_TARGET_NAME = IndiaToday;
			};
			name = Debug;
		};
		189CAEE62875871000FCD737 /* Release */ = {
			isa = XCBuildConfiguration;
			buildSettings = {
				ALWAYS_EMBED_SWIFT_STANDARD_LIBRARIES = YES;
				CODE_SIGN_STYLE = Automatic;
				DEVELOPMENT_TEAM = 38M8YX2KF6;
				INFOPLIST_FILE = IndiaTodayUITests/Info.plist;
				LD_RUNPATH_SEARCH_PATHS = (
					"$(inherited)",
					"@executable_path/Frameworks",
					"@loader_path/Frameworks",
				);
				PRODUCT_BUNDLE_IDENTIFIER = com.newProject.IndiaTodayUITests;
				PRODUCT_NAME = "$(TARGET_NAME)";
				SWIFT_VERSION = 5.0;
				TARGETED_DEVICE_FAMILY = "1,2";
				TEST_TARGET_NAME = IndiaToday;
			};
			name = Release;
		};
/* End XCBuildConfiguration section */

/* Begin XCConfigurationList section */
		189CAEAF287586FE00FCD737 /* Build configuration list for PBXProject "IndiaToday" */ = {
			isa = XCConfigurationList;
			buildConfigurations = (
				189CAEDC2875871000FCD737 /* Debug */,
				189CAEDD2875871000FCD737 /* Release */,
			);
			defaultConfigurationIsVisible = 0;
			defaultConfigurationName = Release;
		};
		189CAEDE2875871000FCD737 /* Build configuration list for PBXNativeTarget "IndiaToday" */ = {
			isa = XCConfigurationList;
			buildConfigurations = (
				189CAEDF2875871000FCD737 /* Debug */,
				189CAEE02875871000FCD737 /* Release */,
			);
			defaultConfigurationIsVisible = 0;
			defaultConfigurationName = Release;
		};
		189CAEE12875871000FCD737 /* Build configuration list for PBXNativeTarget "IndiaTodayTests" */ = {
			isa = XCConfigurationList;
			buildConfigurations = (
				189CAEE22875871000FCD737 /* Debug */,
				189CAEE32875871000FCD737 /* Release */,
			);
			defaultConfigurationIsVisible = 0;
			defaultConfigurationName = Release;
		};
		189CAEE42875871000FCD737 /* Build configuration list for PBXNativeTarget "IndiaTodayUITests" */ = {
			isa = XCConfigurationList;
			buildConfigurations = (
				189CAEE52875871000FCD737 /* Debug */,
				189CAEE62875871000FCD737 /* Release */,
			);
			defaultConfigurationIsVisible = 0;
			defaultConfigurationName = Release;
		};
/* End XCConfigurationList section */
	};
	rootObject = 189CAEAC287586FE00FCD737 /* Project object */;
}
